
Microsoft Visual Studio Solution File, Format Version 12.00
# Visual Studio Version 16
VisualStudioVersion = 16.0.32630.194
MinimumVisualStudioVersion = 10.0.40219.1
Project("{9A19103F-16F7-4668-BE54-9A1E7A4F7556}") = "WinFormsApp_UnitTest", "WinFormsApp_UnitTest\WinFormsApp_UnitTest.csproj", "{1034D597-22C6-45E8-89DB-9DA8CDAABDBD}"
EndProject
Project("{FAE04EC0-301F-11D3-BF4B-00C04F79EFBC}") = "DemoLirary", "DemoLirary\DemoLirary.csproj", "{E449E45E-246C-47D8-B6D7-0EC7A5907777}"
EndProject
Global
	GlobalSection(SolutionConfigurationPlatforms) = preSolution
		Debug|Any CPU = Debug|Any CPU
		Release|Any CPU = Release|Any CPU
	EndGlobalSection
	GlobalSection(ProjectConfigurationPlatforms) = postSolution
		{1034D597-22C6-45E8-89DB-9DA8CDAABDBD}.Debug|Any CPU.ActiveCfg = Debug|Any CPU
		{1034D597-22C6-45E8-89DB-9DA8CDAABDBD}.Debug|Any CPU.Build.0 = Debug|Any CPU
		{1034D597-22C6-45E8-89DB-9DA8CDAABDBD}.Release|Any CPU.ActiveCfg = Release|Any CPU
		{1034D597-22C6-45E8-89DB-9DA8CDAABDBD}.Release|Any CPU.Build.0 = Release|Any CPU
		{E449E45E-246C-47D8-B6D7-0EC7A5907777}.Debug|Any CPU.ActiveCfg = Debug|Any CPU
		{E449E45E-246C-47D8-B6D7-0EC7A5907777}.Debug|Any CPU.Build.0 = Debug|Any CPU
		{E449E45E-246C-47D8-B6D7-0EC7A5907777}.Release|Any CPU.ActiveCfg = Release|Any CPU
		{E449E45E-246C-47D8-B6D7-0EC7A5907777}.Release|Any CPU.Build.0 = Release|Any CPU
	EndGlobalSection
	GlobalSection(SolutionProperties) = preSolution
		HideSolutionNode = FALSE
	EndGlobalSection
	GlobalSection(ExtensibilityGlobals) = postSolution
		SolutionGuid = {3C27A873-684A-45F9-8FC6-BDB34551048A}
	EndGlobalSection
EndGlobal
